// !$*UTF8*$!
{
	archiveVersion = 1;
	classes = {
	};
	objectVersion = 50;
	objects = {

/* Begin PBXBuildFile section */
		241DE21ED457EAF939BC702B /* Pods_ElderMeet.framework in Frameworks */ = {isa = PBXBuildFile; fileRef = D0A5C795F6038849EB9DE6FE /* Pods_ElderMeet.framework */; };
		94CA81A124D0655D00950FCE /* Main.storyboard in Resources */ = {isa = PBXBuildFile; fileRef = 94CA81A024D0655D00950FCE /* Main.storyboard */; };
		94CB2EDC217EB2960028D8CD /* UsersTableViewController.swift in Sources */ = {isa = PBXBuildFile; fileRef = 94CB2EDB217EB2960028D8CD /* UsersTableViewController.swift */; };
		94CB2EDE217EB2A50028D8CD /* EventsTableViewController.swift in Sources */ = {isa = PBXBuildFile; fileRef = 94CB2EDD217EB2A50028D8CD /* EventsTableViewController.swift */; };
		94CB2EE0217EB2B20028D8CD /* Users.swift in Sources */ = {isa = PBXBuildFile; fileRef = 94CB2EDF217EB2B20028D8CD /* Users.swift */; };
		94CB2EE2217EB2BD0028D8CD /* Events.swift in Sources */ = {isa = PBXBuildFile; fileRef = 94CB2EE1217EB2BD0028D8CD /* Events.swift */; };
		94CB2F30217F1E690028D8CD /* GoogleService-Info.plist in Resources */ = {isa = PBXBuildFile; fileRef = 94CB2F2F217F1E690028D8CD /* GoogleService-Info.plist */; };
		94CB2F3A217F2ADB0028D8CD /* LocationDateTimeViewController.swift in Sources */ = {isa = PBXBuildFile; fileRef = 94CB2F32217F2AD90028D8CD /* LocationDateTimeViewController.swift */; };
		94CB2F3B217F2ADB0028D8CD /* Event.swift in Sources */ = {isa = PBXBuildFile; fileRef = 94CB2F33217F2AD90028D8CD /* Event.swift */; };
		94CB2F3D217F2ADB0028D8CD /* EventTableViewCell.swift in Sources */ = {isa = PBXBuildFile; fileRef = 94CB2F35217F2ADA0028D8CD /* EventTableViewCell.swift */; };
		94CB2F3F217F2ADB0028D8CD /* ActivityViewController.swift in Sources */ = {isa = PBXBuildFile; fileRef = 94CB2F38217F2ADA0028D8CD /* ActivityViewController.swift */; };
		94F3F640217DA29900E2514B /* AppDelegate.swift in Sources */ = {isa = PBXBuildFile; fileRef = 94F3F63F217DA29900E2514B /* AppDelegate.swift */; };
		94F3F642217DA29900E2514B /* ViewController.swift in Sources */ = {isa = PBXBuildFile; fileRef = 94F3F641217DA29900E2514B /* ViewController.swift */; };
		94F3F647217DA29B00E2514B /* Assets.xcassets in Resources */ = {isa = PBXBuildFile; fileRef = 94F3F646217DA29B00E2514B /* Assets.xcassets */; };
		94F3F64A217DA29B00E2514B /* LaunchScreen.storyboard in Resources */ = {isa = PBXBuildFile; fileRef = 94F3F648217DA29B00E2514B /* LaunchScreen.storyboard */; };
		94F3F655217DA29B00E2514B /* ElderMeetTests.swift in Sources */ = {isa = PBXBuildFile; fileRef = 94F3F654217DA29B00E2514B /* ElderMeetTests.swift */; };
		94F3F660217DA29B00E2514B /* ElderMeetUITests.swift in Sources */ = {isa = PBXBuildFile; fileRef = 94F3F65F217DA29B00E2514B /* ElderMeetUITests.swift */; };
		CF388A0EEDEAE571163C25D3 /* Pods_ElderMeetTests.framework in Frameworks */ = {isa = PBXBuildFile; fileRef = 784615E1817DF7A65048E2F4 /* Pods_ElderMeetTests.framework */; };
		DD7CCF40DDACB56481B49083 /* Pods_ElderMeetUITests.framework in Frameworks */ = {isa = PBXBuildFile; fileRef = 0B8F713B05C8263E24BB3BEE /* Pods_ElderMeetUITests.framework */; };
/* End PBXBuildFile section */

/* Begin PBXContainerItemProxy section */
		94F3F651217DA29B00E2514B /* PBXContainerItemProxy */ = {
			isa = PBXContainerItemProxy;
			containerPortal = 94F3F634217DA29900E2514B /* Project object */;
			proxyType = 1;
			remoteGlobalIDString = 94F3F63B217DA29900E2514B;
			remoteInfo = ElderMeet;
		};
		94F3F65C217DA29B00E2514B /* PBXContainerItemProxy */ = {
			isa = PBXContainerItemProxy;
			containerPortal = 94F3F634217DA29900E2514B /* Project object */;
			proxyType = 1;
			remoteGlobalIDString = 94F3F63B217DA29900E2514B;
			remoteInfo = ElderMeet;
		};
/* End PBXContainerItemProxy section */

/* Begin PBXFileReference section */
		0B8F713B05C8263E24BB3BEE /* Pods_ElderMeetUITests.framework */ = {isa = PBXFileReference; explicitFileType = wrapper.framework; includeInIndex = 0; path = Pods_ElderMeetUITests.framework; sourceTree = BUILT_PRODUCTS_DIR; };
		23C4BB59AA4DDF663B245A0C /* Pods-ElderMeetUITests.release.xcconfig */ = {isa = PBXFileReference; includeInIndex = 1; lastKnownFileType = text.xcconfig; name = "Pods-ElderMeetUITests.release.xcconfig"; path = "Pods/Target Support Files/Pods-ElderMeetUITests/Pods-ElderMeetUITests.release.xcconfig"; sourceTree = "<group>"; };
		2525ED9F976DEA977062ED3E /* Pods-ElderMeet.debug.xcconfig */ = {isa = PBXFileReference; includeInIndex = 1; lastKnownFileType = text.xcconfig; name = "Pods-ElderMeet.debug.xcconfig"; path = "Pods/Target Support Files/Pods-ElderMeet/Pods-ElderMeet.debug.xcconfig"; sourceTree = "<group>"; };
		784615E1817DF7A65048E2F4 /* Pods_ElderMeetTests.framework */ = {isa = PBXFileReference; explicitFileType = wrapper.framework; includeInIndex = 0; path = Pods_ElderMeetTests.framework; sourceTree = BUILT_PRODUCTS_DIR; };
		78821AB46375BCAF0C168C27 /* Pods-ElderMeetUITests.debug.xcconfig */ = {isa = PBXFileReference; includeInIndex = 1; lastKnownFileType = text.xcconfig; name = "Pods-ElderMeetUITests.debug.xcconfig"; path = "Pods/Target Support Files/Pods-ElderMeetUITests/Pods-ElderMeetUITests.debug.xcconfig"; sourceTree = "<group>"; };
		94CA81A024D0655D00950FCE /* Main.storyboard */ = {isa = PBXFileReference; lastKnownFileType = file.storyboard; path = Main.storyboard; sourceTree = "<group>"; };
		94CB2EDB217EB2960028D8CD /* UsersTableViewController.swift */ = {isa = PBXFileReference; lastKnownFileType = sourcecode.swift; path = UsersTableViewController.swift; sourceTree = "<group>"; };
		94CB2EDD217EB2A50028D8CD /* EventsTableViewController.swift */ = {isa = PBXFileReference; lastKnownFileType = sourcecode.swift; path = EventsTableViewController.swift; sourceTree = "<group>"; };
		94CB2EDF217EB2B20028D8CD /* Users.swift */ = {isa = PBXFileReference; lastKnownFileType = sourcecode.swift; path = Users.swift; sourceTree = "<group>"; };
		94CB2EE1217EB2BD0028D8CD /* Events.swift */ = {isa = PBXFileReference; lastKnownFileType = sourcecode.swift; path = Events.swift; sourceTree = "<group>"; };
		94CB2F2F217F1E690028D8CD /* GoogleService-Info.plist */ = {isa = PBXFileReference; fileEncoding = 4; lastKnownFileType = text.plist.xml; path = "GoogleService-Info.plist"; sourceTree = "<group>"; };
		94CB2F32217F2AD90028D8CD /* LocationDateTimeViewController.swift */ = {isa = PBXFileReference; fileEncoding = 4; lastKnownFileType = sourcecode.swift; path = LocationDateTimeViewController.swift; sourceTree = "<group>"; };
		94CB2F33217F2AD90028D8CD /* Event.swift */ = {isa = PBXFileReference; fileEncoding = 4; lastKnownFileType = sourcecode.swift; path = Event.swift; sourceTree = "<group>"; };
		94CB2F35217F2ADA0028D8CD /* EventTableViewCell.swift */ = {isa = PBXFileReference; fileEncoding = 4; lastKnownFileType = sourcecode.swift; path = EventTableViewCell.swift; sourceTree = "<group>"; };
		94CB2F38217F2ADA0028D8CD /* ActivityViewController.swift */ = {isa = PBXFileReference; fileEncoding = 4; lastKnownFileType = sourcecode.swift; path = ActivityViewController.swift; sourceTree = "<group>"; };
		94F3F63C217DA29900E2514B /* ElderMeet.app */ = {isa = PBXFileReference; explicitFileType = wrapper.application; includeInIndex = 0; path = ElderMeet.app; sourceTree = BUILT_PRODUCTS_DIR; };
		94F3F63F217DA29900E2514B /* AppDelegate.swift */ = {isa = PBXFileReference; lastKnownFileType = sourcecode.swift; path = AppDelegate.swift; sourceTree = "<group>"; };
		94F3F641217DA29900E2514B /* ViewController.swift */ = {isa = PBXFileReference; lastKnownFileType = sourcecode.swift; path = ViewController.swift; sourceTree = "<group>"; };
		94F3F646217DA29B00E2514B /* Assets.xcassets */ = {isa = PBXFileReference; lastKnownFileType = folder.assetcatalog; path = Assets.xcassets; sourceTree = "<group>"; };
		94F3F649217DA29B00E2514B /* Base */ = {isa = PBXFileReference; lastKnownFileType = file.storyboard; name = Base; path = Base.lproj/LaunchScreen.storyboard; sourceTree = "<group>"; };
		94F3F64B217DA29B00E2514B /* Info.plist */ = {isa = PBXFileReference; lastKnownFileType = text.plist.xml; path = Info.plist; sourceTree = "<group>"; };
		94F3F650217DA29B00E2514B /* ElderMeetTests.xctest */ = {isa = PBXFileReference; explicitFileType = wrapper.cfbundle; includeInIndex = 0; path = ElderMeetTests.xctest; sourceTree = BUILT_PRODUCTS_DIR; };
		94F3F654217DA29B00E2514B /* ElderMeetTests.swift */ = {isa = PBXFileReference; lastKnownFileType = sourcecode.swift; path = ElderMeetTests.swift; sourceTree = "<group>"; };
		94F3F656217DA29B00E2514B /* Info.plist */ = {isa = PBXFileReference; lastKnownFileType = text.plist.xml; path = Info.plist; sourceTree = "<group>"; };
		94F3F65B217DA29B00E2514B /* ElderMeetUITests.xctest */ = {isa = PBXFileReference; explicitFileType = wrapper.cfbundle; includeInIndex = 0; path = ElderMeetUITests.xctest; sourceTree = BUILT_PRODUCTS_DIR; };
		94F3F65F217DA29B00E2514B /* ElderMeetUITests.swift */ = {isa = PBXFileReference; lastKnownFileType = sourcecode.swift; path = ElderMeetUITests.swift; sourceTree = "<group>"; };
		94F3F661217DA29B00E2514B /* Info.plist */ = {isa = PBXFileReference; lastKnownFileType = text.plist.xml; path = Info.plist; sourceTree = "<group>"; };
		A826320DE19CD0DEF9CEE25D /* Pods-ElderMeetTests.debug.xcconfig */ = {isa = PBXFileReference; includeInIndex = 1; lastKnownFileType = text.xcconfig; name = "Pods-ElderMeetTests.debug.xcconfig"; path = "Pods/Target Support Files/Pods-ElderMeetTests/Pods-ElderMeetTests.debug.xcconfig"; sourceTree = "<group>"; };
		D0A5C795F6038849EB9DE6FE /* Pods_ElderMeet.framework */ = {isa = PBXFileReference; explicitFileType = wrapper.framework; includeInIndex = 0; path = Pods_ElderMeet.framework; sourceTree = BUILT_PRODUCTS_DIR; };
		ECEB74D09BE72CABDFD33BDD /* Pods-ElderMeet.release.xcconfig */ = {isa = PBXFileReference; includeInIndex = 1; lastKnownFileType = text.xcconfig; name = "Pods-ElderMeet.release.xcconfig"; path = "Pods/Target Support Files/Pods-ElderMeet/Pods-ElderMeet.release.xcconfig"; sourceTree = "<group>"; };
		F0A69A36E19D7C609A294E3D /* Pods-ElderMeetTests.release.xcconfig */ = {isa = PBXFileReference; includeInIndex = 1; lastKnownFileType = text.xcconfig; name = "Pods-ElderMeetTests.release.xcconfig"; path = "Pods/Target Support Files/Pods-ElderMeetTests/Pods-ElderMeetTests.release.xcconfig"; sourceTree = "<group>"; };
/* End PBXFileReference section */

/* Begin PBXFrameworksBuildPhase section */
		94F3F639217DA29900E2514B /* Frameworks */ = {
			isa = PBXFrameworksBuildPhase;
			buildActionMask = 2147483647;
			files = (
				241DE21ED457EAF939BC702B /* Pods_ElderMeet.framework in Frameworks */,
			);
			runOnlyForDeploymentPostprocessing = 0;
		};
		94F3F64D217DA29B00E2514B /* Frameworks */ = {
			isa = PBXFrameworksBuildPhase;
			buildActionMask = 2147483647;
			files = (
				CF388A0EEDEAE571163C25D3 /* Pods_ElderMeetTests.framework in Frameworks */,
			);
			runOnlyForDeploymentPostprocessing = 0;
		};
		94F3F658217DA29B00E2514B /* Frameworks */ = {
			isa = PBXFrameworksBuildPhase;
			buildActionMask = 2147483647;
			files = (
				DD7CCF40DDACB56481B49083 /* Pods_ElderMeetUITests.framework in Frameworks */,
			);
			runOnlyForDeploymentPostprocessing = 0;
		};
/* End PBXFrameworksBuildPhase section */

/* Begin PBXGroup section */
		3E5838FF6D9387C1B9B002AA /* Pods */ = {
			isa = PBXGroup;
			children = (
				2525ED9F976DEA977062ED3E /* Pods-ElderMeet.debug.xcconfig */,
				ECEB74D09BE72CABDFD33BDD /* Pods-ElderMeet.release.xcconfig */,
				A826320DE19CD0DEF9CEE25D /* Pods-ElderMeetTests.debug.xcconfig */,
				F0A69A36E19D7C609A294E3D /* Pods-ElderMeetTests.release.xcconfig */,
				78821AB46375BCAF0C168C27 /* Pods-ElderMeetUITests.debug.xcconfig */,
				23C4BB59AA4DDF663B245A0C /* Pods-ElderMeetUITests.release.xcconfig */,
			);
			name = Pods;
			sourceTree = "<group>";
		};
		509B0A79827F00180B780E74 /* Frameworks */ = {
			isa = PBXGroup;
			children = (
				D0A5C795F6038849EB9DE6FE /* Pods_ElderMeet.framework */,
				784615E1817DF7A65048E2F4 /* Pods_ElderMeetTests.framework */,
				0B8F713B05C8263E24BB3BEE /* Pods_ElderMeetUITests.framework */,
			);
			name = Frameworks;
			sourceTree = "<group>";
		};
		94F3F633217DA29900E2514B = {
			isa = PBXGroup;
			children = (
				94F3F63E217DA29900E2514B /* ElderMeet */,
				94F3F653217DA29B00E2514B /* ElderMeetTests */,
				94F3F65E217DA29B00E2514B /* ElderMeetUITests */,
				94F3F63D217DA29900E2514B /* Products */,
				3E5838FF6D9387C1B9B002AA /* Pods */,
				509B0A79827F00180B780E74 /* Frameworks */,
			);
			sourceTree = "<group>";
		};
		94F3F63D217DA29900E2514B /* Products */ = {
			isa = PBXGroup;
			children = (
				94F3F63C217DA29900E2514B /* ElderMeet.app */,
				94F3F650217DA29B00E2514B /* ElderMeetTests.xctest */,
				94F3F65B217DA29B00E2514B /* ElderMeetUITests.xctest */,
			);
			name = Products;
			sourceTree = "<group>";
		};
		94F3F63E217DA29900E2514B /* ElderMeet */ = {
			isa = PBXGroup;
			children = (
				94F3F63F217DA29900E2514B /* AppDelegate.swift */,
				94F3F641217DA29900E2514B /* ViewController.swift */,
				94CB2EDD217EB2A50028D8CD /* EventsTableViewController.swift */,
				94CB2F35217F2ADA0028D8CD /* EventTableViewCell.swift */,
				94CB2EDB217EB2960028D8CD /* UsersTableViewController.swift */,
				94CB2F38217F2ADA0028D8CD /* ActivityViewController.swift */,
				94CB2F32217F2AD90028D8CD /* LocationDateTimeViewController.swift */,
				94CB2EDF217EB2B20028D8CD /* Users.swift */,
				94CB2EE1217EB2BD0028D8CD /* Events.swift */,
				94CB2F33217F2AD90028D8CD /* Event.swift */,
				94CA81A024D0655D00950FCE /* Main.storyboard */,
				94F3F646217DA29B00E2514B /* Assets.xcassets */,
				94F3F648217DA29B00E2514B /* LaunchScreen.storyboard */,
				94CB2F2F217F1E690028D8CD /* GoogleService-Info.plist */,
				94F3F64B217DA29B00E2514B /* Info.plist */,
			);
			path = ElderMeet;
			sourceTree = "<group>";
		};
		94F3F653217DA29B00E2514B /* ElderMeetTests */ = {
			isa = PBXGroup;
			children = (
				94F3F654217DA29B00E2514B /* ElderMeetTests.swift */,
				94F3F656217DA29B00E2514B /* Info.plist */,
			);
			path = ElderMeetTests;
			sourceTree = "<group>";
		};
		94F3F65E217DA29B00E2514B /* ElderMeetUITests */ = {
			isa = PBXGroup;
			children = (
				94F3F65F217DA29B00E2514B /* ElderMeetUITests.swift */,
				94F3F661217DA29B00E2514B /* Info.plist */,
			);
			path = ElderMeetUITests;
			sourceTree = "<group>";
		};
/* End PBXGroup section */

/* Begin PBXNativeTarget section */
		94F3F63B217DA29900E2514B /* ElderMeet */ = {
			isa = PBXNativeTarget;
			buildConfigurationList = 94F3F664217DA29B00E2514B /* Build configuration list for PBXNativeTarget "ElderMeet" */;
			buildPhases = (
				E30C938993944BCC6FAB5FE7 /* [CP] Check Pods Manifest.lock */,
				94F3F638217DA29900E2514B /* Sources */,
				94F3F639217DA29900E2514B /* Frameworks */,
				94F3F63A217DA29900E2514B /* Resources */,
				2F67EF0A63AB171AF44ABFF1 /* [CP] Embed Pods Frameworks */,
			);
			buildRules = (
			);
			dependencies = (
			);
			name = ElderMeet;
			productName = ElderMeet;
			productReference = 94F3F63C217DA29900E2514B /* ElderMeet.app */;
			productType = "com.apple.product-type.application";
		};
		94F3F64F217DA29B00E2514B /* ElderMeetTests */ = {
			isa = PBXNativeTarget;
			buildConfigurationList = 94F3F667217DA29B00E2514B /* Build configuration list for PBXNativeTarget "ElderMeetTests" */;
			buildPhases = (
				4C406A5D0921E4C6786EC377 /* [CP] Check Pods Manifest.lock */,
				94F3F64C217DA29B00E2514B /* Sources */,
				94F3F64D217DA29B00E2514B /* Frameworks */,
				94F3F64E217DA29B00E2514B /* Resources */,
			);
			buildRules = (
			);
			dependencies = (
				94F3F652217DA29B00E2514B /* PBXTargetDependency */,
			);
			name = ElderMeetTests;
			productName = ElderMeetTests;
			productReference = 94F3F650217DA29B00E2514B /* ElderMeetTests.xctest */;
			productType = "com.apple.product-type.bundle.unit-test";
		};
		94F3F65A217DA29B00E2514B /* ElderMeetUITests */ = {
			isa = PBXNativeTarget;
			buildConfigurationList = 94F3F66A217DA29B00E2514B /* Build configuration list for PBXNativeTarget "ElderMeetUITests" */;
			buildPhases = (
				C9BE618ED6E4D5636062B660 /* [CP] Check Pods Manifest.lock */,
				94F3F657217DA29B00E2514B /* Sources */,
				94F3F658217DA29B00E2514B /* Frameworks */,
				94F3F659217DA29B00E2514B /* Resources */,
			);
			buildRules = (
			);
			dependencies = (
				94F3F65D217DA29B00E2514B /* PBXTargetDependency */,
			);
			name = ElderMeetUITests;
			productName = ElderMeetUITests;
			productReference = 94F3F65B217DA29B00E2514B /* ElderMeetUITests.xctest */;
			productType = "com.apple.product-type.bundle.ui-testing";
		};
/* End PBXNativeTarget section */

/* Begin PBXProject section */
		94F3F634217DA29900E2514B /* Project object */ = {
			isa = PBXProject;
			attributes = {
				LastSwiftUpdateCheck = 1000;
				LastUpgradeCheck = 1160;
				ORGANIZATIONNAME = "Ryan Lim";
				TargetAttributes = {
					94F3F63B217DA29900E2514B = {
						CreatedOnToolsVersion = 10.0;
					};
					94F3F64F217DA29B00E2514B = {
						CreatedOnToolsVersion = 10.0;
						TestTargetID = 94F3F63B217DA29900E2514B;
					};
					94F3F65A217DA29B00E2514B = {
						CreatedOnToolsVersion = 10.0;
						TestTargetID = 94F3F63B217DA29900E2514B;
					};
				};
			};
			buildConfigurationList = 94F3F637217DA29900E2514B /* Build configuration list for PBXProject "ElderMeet" */;
			compatibilityVersion = "Xcode 9.3";
			developmentRegion = en;
			hasScannedForEncodings = 0;
			knownRegions = (
				en,
				Base,
			);
			mainGroup = 94F3F633217DA29900E2514B;
			productRefGroup = 94F3F63D217DA29900E2514B /* Products */;
			projectDirPath = "";
			projectRoot = "";
			targets = (
				94F3F63B217DA29900E2514B /* ElderMeet */,
				94F3F64F217DA29B00E2514B /* ElderMeetTests */,
				94F3F65A217DA29B00E2514B /* ElderMeetUITests */,
			);
		};
/* End PBXProject section */

/* Begin PBXResourcesBuildPhase section */
		94F3F63A217DA29900E2514B /* Resources */ = {
			isa = PBXResourcesBuildPhase;
			buildActionMask = 2147483647;
			files = (
				94F3F64A217DA29B00E2514B /* LaunchScreen.storyboard in Resources */,
				94CB2F30217F1E690028D8CD /* GoogleService-Info.plist in Resources */,
				94F3F647217DA29B00E2514B /* Assets.xcassets in Resources */,
				94CA81A124D0655D00950FCE /* Main.storyboard in Resources */,
			);
			runOnlyForDeploymentPostprocessing = 0;
		};
		94F3F64E217DA29B00E2514B /* Resources */ = {
			isa = PBXResourcesBuildPhase;
			buildActionMask = 2147483647;
			files = (
			);
			runOnlyForDeploymentPostprocessing = 0;
		};
		94F3F659217DA29B00E2514B /* Resources */ = {
			isa = PBXResourcesBuildPhase;
			buildActionMask = 2147483647;
			files = (
			);
			runOnlyForDeploymentPostprocessing = 0;
		};
/* End PBXResourcesBuildPhase section */

/* Begin PBXShellScriptBuildPhase section */
		2F67EF0A63AB171AF44ABFF1 /* [CP] Embed Pods Frameworks */ = {
			isa = PBXShellScriptBuildPhase;
			buildActionMask = 2147483647;
			files = (
			);
			inputPaths = (
				"${SRCROOT}/Pods/Target Support Files/Pods-ElderMeet/Pods-ElderMeet-frameworks.sh",
				"${BUILT_PRODUCTS_DIR}/GTMSessionFetcher/GTMSessionFetcher.framework",
				"${BUILT_PRODUCTS_DIR}/GoogleToolboxForMac/GoogleToolboxForMac.framework",
				"${BUILT_PRODUCTS_DIR}/leveldb-library/leveldb.framework",
				"${BUILT_PRODUCTS_DIR}/nanopb/nanopb.framework",
			);
			name = "[CP] Embed Pods Frameworks";
			outputPaths = (
				"${TARGET_BUILD_DIR}/${FRAMEWORKS_FOLDER_PATH}/GTMSessionFetcher.framework",
				"${TARGET_BUILD_DIR}/${FRAMEWORKS_FOLDER_PATH}/GoogleToolboxForMac.framework",
				"${TARGET_BUILD_DIR}/${FRAMEWORKS_FOLDER_PATH}/leveldb.framework",
				"${TARGET_BUILD_DIR}/${FRAMEWORKS_FOLDER_PATH}/nanopb.framework",
			);
			runOnlyForDeploymentPostprocessing = 0;
			shellPath = /bin/sh;
			shellScript = "\"${SRCROOT}/Pods/Target Support Files/Pods-ElderMeet/Pods-ElderMeet-frameworks.sh\"\n";
			showEnvVarsInLog = 0;
		};
		4C406A5D0921E4C6786EC377 /* [CP] Check Pods Manifest.lock */ = {
			isa = PBXShellScriptBuildPhase;
			buildActionMask = 2147483647;
			files = (
			);
			inputPaths = (
				"${PODS_PODFILE_DIR_PATH}/Podfile.lock",
				"${PODS_ROOT}/Manifest.lock",
			);
			name = "[CP] Check Pods Manifest.lock";
			outputPaths = (
				"$(DERIVED_FILE_DIR)/Pods-ElderMeetTests-checkManifestLockResult.txt",
			);
			runOnlyForDeploymentPostprocessing = 0;
			shellPath = /bin/sh;
			shellScript = "diff \"${PODS_PODFILE_DIR_PATH}/Podfile.lock\" \"${PODS_ROOT}/Manifest.lock\" > /dev/null\nif [ $? != 0 ] ; then\n    # print error to STDERR\n    echo \"error: The sandbox is not in sync with the Podfile.lock. Run 'pod install' or update your CocoaPods installation.\" >&2\n    exit 1\nfi\n# This output is used by Xcode 'outputs' to avoid re-running this script phase.\necho \"SUCCESS\" > \"${SCRIPT_OUTPUT_FILE_0}\"\n";
			showEnvVarsInLog = 0;
		};
		C9BE618ED6E4D5636062B660 /* [CP] Check Pods Manifest.lock */ = {
			isa = PBXShellScriptBuildPhase;
			buildActionMask = 2147483647;
			files = (
			);
			inputPaths = (
				"${PODS_PODFILE_DIR_PATH}/Podfile.lock",
				"${PODS_ROOT}/Manifest.lock",
			);
			name = "[CP] Check Pods Manifest.lock";
			outputPaths = (
				"$(DERIVED_FILE_DIR)/Pods-ElderMeetUITests-checkManifestLockResult.txt",
			);
			runOnlyForDeploymentPostprocessing = 0;
			shellPath = /bin/sh;
			shellScript = "diff \"${PODS_PODFILE_DIR_PATH}/Podfile.lock\" \"${PODS_ROOT}/Manifest.lock\" > /dev/null\nif [ $? != 0 ] ; then\n    # print error to STDERR\n    echo \"error: The sandbox is not in sync with the Podfile.lock. Run 'pod install' or update your CocoaPods installation.\" >&2\n    exit 1\nfi\n# This output is used by Xcode 'outputs' to avoid re-running this script phase.\necho \"SUCCESS\" > \"${SCRIPT_OUTPUT_FILE_0}\"\n";
			showEnvVarsInLog = 0;
		};
		E30C938993944BCC6FAB5FE7 /* [CP] Check Pods Manifest.lock */ = {
			isa = PBXShellScriptBuildPhase;
			buildActionMask = 2147483647;
			files = (
			);
			inputPaths = (
				"${PODS_PODFILE_DIR_PATH}/Podfile.lock",
				"${PODS_ROOT}/Manifest.lock",
			);
			name = "[CP] Check Pods Manifest.lock";
			outputPaths = (
				"$(DERIVED_FILE_DIR)/Pods-ElderMeet-checkManifestLockResult.txt",
			);
			runOnlyForDeploymentPostprocessing = 0;
			shellPath = /bin/sh;
			shellScript = "diff \"${PODS_PODFILE_DIR_PATH}/Podfile.lock\" \"${PODS_ROOT}/Manifest.lock\" > /dev/null\nif [ $? != 0 ] ; then\n    # print error to STDERR\n    echo \"error: The sandbox is not in sync with the Podfile.lock. Run 'pod install' or update your CocoaPods installation.\" >&2\n    exit 1\nfi\n# This output is used by Xcode 'outputs' to avoid re-running this script phase.\necho \"SUCCESS\" > \"${SCRIPT_OUTPUT_FILE_0}\"\n";
			showEnvVarsInLog = 0;
		};
/* End PBXShellScriptBuildPhase section */

/* Begin PBXSourcesBuildPhase section */
		94F3F638217DA29900E2514B /* Sources */ = {
			isa = PBXSourcesBuildPhase;
			buildActionMask = 2147483647;
			files = (
				94CB2EE2217EB2BD0028D8CD /* Events.swift in Sources */,
				94CB2F3D217F2ADB0028D8CD /* EventTableViewCell.swift in Sources */,
				94CB2F3B217F2ADB0028D8CD /* Event.swift in Sources */,
				94F3F642217DA29900E2514B /* ViewController.swift in Sources */,
				94F3F640217DA29900E2514B /* AppDelegate.swift in Sources */,
				94CB2F3A217F2ADB0028D8CD /* LocationDateTimeViewController.swift in Sources */,
				94CB2F3F217F2ADB0028D8CD /* ActivityViewController.swift in Sources */,
				94CB2EE0217EB2B20028D8CD /* Users.swift in Sources */,
				94CB2EDE217EB2A50028D8CD /* EventsTableViewController.swift in Sources */,
				94CB2EDC217EB2960028D8CD /* UsersTableViewController.swift in Sources */,
			);
			runOnlyForDeploymentPostprocessing = 0;
		};
		94F3F64C217DA29B00E2514B /* Sources */ = {
			isa = PBXSourcesBuildPhase;
			buildActionMask = 2147483647;
			files = (
				94F3F655217DA29B00E2514B /* ElderMeetTests.swift in Sources */,
			);
			runOnlyForDeploymentPostprocessing = 0;
		};
		94F3F657217DA29B00E2514B /* Sources */ = {
			isa = PBXSourcesBuildPhase;
			buildActionMask = 2147483647;
			files = (
				94F3F660217DA29B00E2514B /* ElderMeetUITests.swift in Sources */,
			);
			runOnlyForDeploymentPostprocessing = 0;
		};
/* End PBXSourcesBuildPhase section */

/* Begin PBXTargetDependency section */
		94F3F652217DA29B00E2514B /* PBXTargetDependency */ = {
			isa = PBXTargetDependency;
			target = 94F3F63B217DA29900E2514B /* ElderMeet */;
			targetProxy = 94F3F651217DA29B00E2514B /* PBXContainerItemProxy */;
		};
		94F3F65D217DA29B00E2514B /* PBXTargetDependency */ = {
			isa = PBXTargetDependency;
			target = 94F3F63B217DA29900E2514B /* ElderMeet */;
			targetProxy = 94F3F65C217DA29B00E2514B /* PBXContainerItemProxy */;
		};
/* End PBXTargetDependency section */

/* Begin PBXVariantGroup section */
		94F3F648217DA29B00E2514B /* LaunchScreen.storyboard */ = {
			isa = PBXVariantGroup;
			children = (
				94F3F649217DA29B00E2514B /* Base */,
			);
			name = LaunchScreen.storyboard;
			sourceTree = "<group>";
		};
/* End PBXVariantGroup section */

/* Begin XCBuildConfiguration section */
		94F3F662217DA29B00E2514B /* Debug */ = {
			isa = XCBuildConfiguration;
			buildSettings = {
				ALWAYS_SEARCH_USER_PATHS = NO;
				CLANG_ANALYZER_NONNULL = YES;
				CLANG_ANALYZER_NUMBER_OBJECT_CONVERSION = YES_AGGRESSIVE;
				CLANG_CXX_LANGUAGE_STANDARD = "gnu++14";
				CLANG_CXX_LIBRARY = "libc++";
				CLANG_ENABLE_MODULES = YES;
				CLANG_ENABLE_OBJC_ARC = YES;
				CLANG_ENABLE_OBJC_WEAK = YES;
				CLANG_WARN_BLOCK_CAPTURE_AUTORELEASING = YES;
				CLANG_WARN_BOOL_CONVERSION = YES;
				CLANG_WARN_COMMA = YES;
				CLANG_WARN_CONSTANT_CONVERSION = YES;
				CLANG_WARN_DEPRECATED_OBJC_IMPLEMENTATIONS = YES;
				CLANG_WARN_DIRECT_OBJC_ISA_USAGE = YES_ERROR;
				CLANG_WARN_DOCUMENTATION_COMMENTS = YES;
				CLANG_WARN_EMPTY_BODY = YES;
				CLANG_WARN_ENUM_CONVERSION = YES;
				CLANG_WARN_INFINITE_RECURSION = YES;
				CLANG_WARN_INT_CONVERSION = YES;
				CLANG_WARN_NON_LITERAL_NULL_CONVERSION = YES;
				CLANG_WARN_OBJC_IMPLICIT_RETAIN_SELF = YES;
				CLANG_WARN_OBJC_LITERAL_CONVERSION = YES;
				CLANG_WARN_OBJC_ROOT_CLASS = YES_ERROR;
				CLANG_WARN_RANGE_LOOP_ANALYSIS = YES;
				CLANG_WARN_STRICT_PROTOTYPES = YES;
				CLANG_WARN_SUSPICIOUS_MOVE = YES;
				CLANG_WARN_UNGUARDED_AVAILABILITY = YES_AGGRESSIVE;
				CLANG_WARN_UNREACHABLE_CODE = YES;
				CLANG_WARN__DUPLICATE_METHOD_MATCH = YES;
				CODE_SIGN_IDENTITY = "iPhone Developer";
				COPY_PHASE_STRIP = NO;
				DEBUG_INFORMATION_FORMAT = dwarf;
				ENABLE_STRICT_OBJC_MSGSEND = YES;
				ENABLE_TESTABILITY = YES;
				GCC_C_LANGUAGE_STANDARD = gnu11;
				GCC_DYNAMIC_NO_PIC = NO;
				GCC_NO_COMMON_BLOCKS = YES;
				GCC_OPTIMIZATION_LEVEL = 0;
				GCC_PREPROCESSOR_DEFINITIONS = (
					"DEBUG=1",
					"$(inherited)",
				);
				GCC_WARN_64_TO_32_BIT_CONVERSION = YES;
				GCC_WARN_ABOUT_RETURN_TYPE = YES_ERROR;
				GCC_WARN_UNDECLARED_SELECTOR = YES;
				GCC_WARN_UNINITIALIZED_AUTOS = YES_AGGRESSIVE;
				GCC_WARN_UNUSED_FUNCTION = YES;
				GCC_WARN_UNUSED_VARIABLE = YES;
				IPHONEOS_DEPLOYMENT_TARGET = 13.6;
				MTL_ENABLE_DEBUG_INFO = INCLUDE_SOURCE;
				MTL_FAST_MATH = YES;
				ONLY_ACTIVE_ARCH = YES;
				SDKROOT = iphoneos;
				SWIFT_ACTIVE_COMPILATION_CONDITIONS = DEBUG;
				SWIFT_OPTIMIZATION_LEVEL = "-Onone";
			};
			name = Debug;
		};
		94F3F663217DA29B00E2514B /* Release */ = {
			isa = XCBuildConfiguration;
			buildSettings = {
				ALWAYS_SEARCH_USER_PATHS = NO;
				CLANG_ANALYZER_NONNULL = YES;
				CLANG_ANALYZER_NUMBER_OBJECT_CONVERSION = YES_AGGRESSIVE;
				CLANG_CXX_LANGUAGE_STANDARD = "gnu++14";
				CLANG_CXX_LIBRARY = "libc++";
				CLANG_ENABLE_MODULES = YES;
				CLANG_ENABLE_OBJC_ARC = YES;
				CLANG_ENABLE_OBJC_WEAK = YES;
				CLANG_WARN_BLOCK_CAPTURE_AUTORELEASING = YES;
				CLANG_WARN_BOOL_CONVERSION = YES;
				CLANG_WARN_COMMA = YES;
				CLANG_WARN_CONSTANT_CONVERSION = YES;
				CLANG_WARN_DEPRECATED_OBJC_IMPLEMENTATIONS = YES;
				CLANG_WARN_DIRECT_OBJC_ISA_USAGE = YES_ERROR;
				CLANG_WARN_DOCUMENTATION_COMMENTS = YES;
				CLANG_WARN_EMPTY_BODY = YES;
				CLANG_WARN_ENUM_CONVERSION = YES;
				CLANG_WARN_INFINITE_RECURSION = YES;
				CLANG_WARN_INT_CONVERSION = YES;
				CLANG_WARN_NON_LITERAL_NULL_CONVERSION = YES;
				CLANG_WARN_OBJC_IMPLICIT_RETAIN_SELF = YES;
				CLANG_WARN_OBJC_LITERAL_CONVERSION = YES;
				CLANG_WARN_OBJC_ROOT_CLASS = YES_ERROR;
				CLANG_WARN_RANGE_LOOP_ANALYSIS = YES;
				CLANG_WARN_STRICT_PROTOTYPES = YES;
				CLANG_WARN_SUSPICIOUS_MOVE = YES;
				CLANG_WARN_UNGUARDED_AVAILABILITY = YES_AGGRESSIVE;
				CLANG_WARN_UNREACHABLE_CODE = YES;
				CLANG_WARN__DUPLICATE_METHOD_MATCH = YES;
				CODE_SIGN_IDENTITY = "iPhone Developer";
				COPY_PHASE_STRIP = NO;
				DEBUG_INFORMATION_FORMAT = "dwarf-with-dsym";
				ENABLE_NS_ASSERTIONS = NO;
				ENABLE_STRICT_OBJC_MSGSEND = YES;
				GCC_C_LANGUAGE_STANDARD = gnu11;
				GCC_NO_COMMON_BLOCKS = YES;
				GCC_WARN_64_TO_32_BIT_CONVERSION = YES;
				GCC_WARN_ABOUT_RETURN_TYPE = YES_ERROR;
				GCC_WARN_UNDECLARED_SELECTOR = YES;
				GCC_WARN_UNINITIALIZED_AUTOS = YES_AGGRESSIVE;
				GCC_WARN_UNUSED_FUNCTION = YES;
				GCC_WARN_UNUSED_VARIABLE = YES;
				IPHONEOS_DEPLOYMENT_TARGET = 13.6;
				MTL_ENABLE_DEBUG_INFO = NO;
				MTL_FAST_MATH = YES;
				SDKROOT = iphoneos;
				SWIFT_COMPILATION_MODE = wholemodule;
				SWIFT_OPTIMIZATION_LEVEL = "-O";
				VALIDATE_PRODUCT = YES;
			};
			name = Release;
		};
		94F3F665217DA29B00E2514B /* Debug */ = {
			isa = XCBuildConfiguration;
			baseConfigurationReference = 2525ED9F976DEA977062ED3E /* Pods-ElderMeet.debug.xcconfig */;
			buildSettings = {
				ASSETCATALOG_COMPILER_APPICON_NAME = AppIcon;
				CODE_SIGN_STYLE = Automatic;
				INFOPLIST_FILE = ElderMeet/Info.plist;
				LD_RUNPATH_SEARCH_PATHS = (
					"$(inherited)",
					"@executable_path/Frameworks",
				);
				PRODUCT_BUNDLE_IDENTIFIER = "Ryan-Lim.ElderMeet";
				PRODUCT_NAME = "$(TARGET_NAME)";
				SWIFT_VERSION = 4.2;
				TARGETED_DEVICE_FAMILY = "1,2";
			};
			name = Debug;
		};
		94F3F666217DA29B00E2514B /* Release */ = {
			isa = XCBuildConfiguration;
			baseConfigurationReference = ECEB74D09BE72CABDFD33BDD /* Pods-ElderMeet.release.xcconfig */;
			buildSettings = {
				ASSETCATALOG_COMPILER_APPICON_NAME = AppIcon;
				CODE_SIGN_STYLE = Automatic;
				INFOPLIST_FILE = ElderMeet/Info.plist;
				LD_RUNPATH_SEARCH_PATHS = (
					"$(inherited)",
					"@executable_path/Frameworks",
				);
				PRODUCT_BUNDLE_IDENTIFIER = "Ryan-Lim.ElderMeet";
				PRODUCT_NAME = "$(TARGET_NAME)";
				SWIFT_VERSION = 4.2;
				TARGETED_DEVICE_FAMILY = "1,2";
			};
			name = Release;
		};
		94F3F668217DA29B00E2514B /* Debug */ = {
			isa = XCBuildConfiguration;
			baseConfigurationReference = A826320DE19CD0DEF9CEE25D /* Pods-ElderMeetTests.debug.xcconfig */;
			buildSettings = {
				ALWAYS_EMBED_SWIFT_STANDARD_LIBRARIES = YES;
				BUNDLE_LOADER = "$(TEST_HOST)";
				CODE_SIGN_STYLE = Automatic;
				INFOPLIST_FILE = ElderMeetTests/Info.plist;
				LD_RUNPATH_SEARCH_PATHS = (
					"$(inherited)",
					"@executable_path/Frameworks",
					"@loader_path/Frameworks",
				);
				PRODUCT_BUNDLE_IDENTIFIER = "Ryan-Lim.ElderMeetTests";
				PRODUCT_NAME = "$(TARGET_NAME)";
				SWIFT_VERSION = 4.2;
				TARGETED_DEVICE_FAMILY = "1,2";
				TEST_HOST = "$(BUILT_PRODUCTS_DIR)/ElderMeet.app/ElderMeet";
			};
			name = Debug;
		};
		94F3F669217DA29B00E2514B /* Release */ = {
			isa = XCBuildConfiguration;
			baseConfigurationReference = F0A69A36E19D7C609A294E3D /* Pods-ElderMeetTests.release.xcconfig */;
			buildSettings = {
				ALWAYS_EMBED_SWIFT_STANDARD_LIBRARIES = YES;
				BUNDLE_LOADER = "$(TEST_HOST)";
				CODE_SIGN_STYLE = Automatic;
				INFOPLIST_FILE = ElderMeetTests/Info.plist;
				LD_RUNPATH_SEARCH_PATHS = (
					"$(inherited)",
					"@executable_path/Frameworks",
					"@loader_path/Frameworks",
				);
				PRODUCT_BUNDLE_IDENTIFIER = "Ryan-Lim.ElderMeetTests";
				PRODUCT_NAME = "$(TARGET_NAME)";
				SWIFT_VERSION = 4.2;
				TARGETED_DEVICE_FAMILY = "1,2";
				TEST_HOST = "$(BUILT_PRODUCTS_DIR)/ElderMeet.app/ElderMeet";
			};
			name = Release;
		};
		94F3F66B217DA29B00E2514B /* Debug */ = {
			isa = XCBuildConfiguration;
			baseConfigurationReference = 78821AB46375BCAF0C168C27 /* Pods-ElderMeetUITests.debug.xcconfig */;
			buildSettings = {
				ALWAYS_EMBED_SWIFT_STANDARD_LIBRARIES = YES;
				CODE_SIGN_STYLE = Automatic;
				INFOPLIST_FILE = ElderMeetUITests/Info.plist;
				LD_RUNPATH_SEARCH_PATHS = (
					"$(inherited)",
					"@executable_path/Frameworks",
					"@loader_path/Frameworks",
				);
				PRODUCT_BUNDLE_IDENTIFIER = "Ryan-Lim.ElderMeetUITests";
				PRODUCT_NAME = "$(TARGET_NAME)";
				SWIFT_VERSION = 4.2;
				TARGETED_DEVICE_FAMILY = "1,2";
				TEST_TARGET_NAME = ElderMeet;
			};
			name = Debug;
		};
		94F3F66C217DA29B00E2514B /* Release */ = {
			isa = XCBuildConfiguration;
			baseConfigurationReference = 23C4BB59AA4DDF663B245A0C /* Pods-ElderMeetUITests.release.xcconfig */;
			buildSettings = {
				ALWAYS_EMBED_SWIFT_STANDARD_LIBRARIES = YES;
				CODE_SIGN_STYLE = Automatic;
				INFOPLIST_FILE = ElderMeetUITests/Info.plist;
				LD_RUNPATH_SEARCH_PATHS = (
					"$(inherited)",
					"@executable_path/Frameworks",
					"@loader_path/Frameworks",
				);
				PRODUCT_BUNDLE_IDENTIFIER = "Ryan-Lim.ElderMeetUITests";
				PRODUCT_NAME = "$(TARGET_NAME)";
				SWIFT_VERSION = 4.2;
				TARGETED_DEVICE_FAMILY = "1,2";
				TEST_TARGET_NAME = ElderMeet;
			};
			name = Release;
		};
/* End XCBuildConfiguration section */

/* Begin XCConfigurationList section */
		94F3F637217DA29900E2514B /* Build configuration list for PBXProject "ElderMeet" */ = {
			isa = XCConfigurationList;
			buildConfigurations = (
				94F3F662217DA29B00E2514B /* Debug */,
				94F3F663217DA29B00E2514B /* Release */,
			);
			defaultConfigurationIsVisible = 0;
			defaultConfigurationName = Release;
		};
		94F3F664217DA29B00E2514B /* Build configuration list for PBXNativeTarget "ElderMeet" */ = {
			isa = XCConfigurationList;
			buildConfigurations = (
				94F3F665217DA29B00E2514B /* Debug */,
				94F3F666217DA29B00E2514B /* Release */,
			);
			defaultConfigurationIsVisible = 0;
			defaultConfigurationName = Release;
		};
		94F3F667217DA29B00E2514B /* Build configuration list for PBXNativeTarget "ElderMeetTests" */ = {
			isa = XCConfigurationList;
			buildConfigurations = (
				94F3F668217DA29B00E2514B /* Debug */,
				94F3F669217DA29B00E2514B /* Release */,
			);
			defaultConfigurationIsVisible = 0;
			defaultConfigurationName = Release;
		};
		94F3F66A217DA29B00E2514B /* Build configuration list for PBXNativeTarget "ElderMeetUITests" */ = {
			isa = XCConfigurationList;
			buildConfigurations = (
				94F3F66B217DA29B00E2514B /* Debug */,
				94F3F66C217DA29B00E2514B /* Release */,
			);
			defaultConfigurationIsVisible = 0;
			defaultConfigurationName = Release;
		};
/* End XCConfigurationList section */
	};
	rootObject = 94F3F634217DA29900E2514B /* Project object */;
}
